// !$*UTF8*$!
{
	archiveVersion = 1;
	classes = {
	};
	objectVersion = 46;
	objects = {

/* Begin PBXBuildFile section */
		AA1FC5FD1694F07F0037CD21 /* Foundation.framework in Frameworks */ = {isa = PBXBuildFile; fileRef = AA1FC5FC1694F07F0037CD21 /* Foundation.framework */; };
		AA1FC6021694F07F0037CD21 /* OtherFakeTestLib.h in CopyFiles */ = {isa = PBXBuildFile; fileRef = AA1FC6011694F07F0037CD21 /* OtherFakeTestLib.h */; };
		AA1FC6041694F07F0037CD21 /* OtherFakeTestLib.m in Sources */ = {isa = PBXBuildFile; fileRef = AA1FC6031694F07F0037CD21 /* OtherFakeTestLib.m */; };
		AA1FC60C1694F07F0037CD21 /* SenTestingKit.framework in Frameworks */ = {isa = PBXBuildFile; fileRef = AA1FC60B1694F07F0037CD21 /* SenTestingKit.framework */; };
		AA1FC60E1694F07F0037CD21 /* UIKit.framework in Frameworks */ = {isa = PBXBuildFile; fileRef = AA1FC60D1694F07F0037CD21 /* UIKit.framework */; };
		AA1FC60F1694F07F0037CD21 /* Foundation.framework in Frameworks */ = {isa = PBXBuildFile; fileRef = AA1FC5FC1694F07F0037CD21 /* Foundation.framework */; };
		AA1FC6121694F07F0037CD21 /* libOtherFakeTestLib.a in Frameworks */ = {isa = PBXBuildFile; fileRef = AA1FC5F91694F07F0037CD21 /* libOtherFakeTestLib.a */; };
		AA1FC6181694F07F0037CD21 /* InfoPlist.strings in Resources */ = {isa = PBXBuildFile; fileRef = AA1FC6161694F07F0037CD21 /* InfoPlist.strings */; };
		AA1FC61B1694F07F0037CD21 /* OtherFakeTestLibTests.m in Sources */ = {isa = PBXBuildFile; fileRef = AA1FC61A1694F07F0037CD21 /* OtherFakeTestLibTests.m */; };
/* End PBXBuildFile section */

/* Begin PBXContainerItemProxy section */
		AA1FC6101694F07F0037CD21 /* PBXContainerItemProxy */ = {
			isa = PBXContainerItemProxy;
			containerPortal = AA1FC5F01694F07F0037CD21 /* Project object */;
			proxyType = 1;
			remoteGlobalIDString = AA1FC5F81694F07F0037CD21;
			remoteInfo = OtherFakeTestLib;
		};
/* End PBXContainerItemProxy section */

/* Begin PBXCopyFilesBuildPhase section */
		AA1FC5F71694F07F0037CD21 /* CopyFiles */ = {
			isa = PBXCopyFilesBuildPhase;
			buildActionMask = 2147483647;
			dstPath = "include/${PRODUCT_NAME}";
			dstSubfolderSpec = 16;
			files = (
				AA1FC6021694F07F0037CD21 /* OtherFakeTestLib.h in CopyFiles */,
			);
			runOnlyForDeploymentPostprocessing = 0;
		};
/* End PBXCopyFilesBuildPhase section */

/* Begin PBXFileReference section */
		AA1FC5F91694F07F0037CD21 /* libOtherFakeTestLib.a */ = {isa = PBXFileReference; explicitFileType = archive.ar; includeInIndex = 0; path = libOtherFakeTestLib.a; sourceTree = BUILT_PRODUCTS_DIR; };
		AA1FC5FC1694F07F0037CD21 /* Foundation.framework */ = {isa = PBXFileReference; lastKnownFileType = wrapper.framework; name = Foundation.framework; path = System/Library/Frameworks/Foundation.framework; sourceTree = SDKROOT; };
		AA1FC6001694F07F0037CD21 /* OtherFakeTestLib-Prefix.pch */ = {isa = PBXFileReference; lastKnownFileType = sourcecode.c.h; path = "OtherFakeTestLib-Prefix.pch"; sourceTree = "<group>"; };
		AA1FC6011694F07F0037CD21 /* OtherFakeTestLib.h */ = {isa = PBXFileReference; lastKnownFileType = sourcecode.c.h; path = OtherFakeTestLib.h; sourceTree = "<group>"; };
		AA1FC6031694F07F0037CD21 /* OtherFakeTestLib.m */ = {isa = PBXFileReference; lastKnownFileType = sourcecode.c.objc; path = OtherFakeTestLib.m; sourceTree = "<group>"; };
		AA1FC60A1694F07F0037CD21 /* OtherFakeTestLibTests.octest */ = {isa = PBXFileReference; explicitFileType = wrapper.cfbundle; includeInIndex = 0; path = OtherFakeTestLibTests.octest; sourceTree = BUILT_PRODUCTS_DIR; };
		AA1FC60B1694F07F0037CD21 /* SenTestingKit.framework */ = {isa = PBXFileReference; lastKnownFileType = wrapper.framework; name = SenTestingKit.framework; path = Library/Frameworks/SenTestingKit.framework; sourceTree = DEVELOPER_DIR; };
		AA1FC60D1694F07F0037CD21 /* UIKit.framework */ = {isa = PBXFileReference; lastKnownFileType = wrapper.framework; name = UIKit.framework; path = Library/Frameworks/UIKit.framework; sourceTree = DEVELOPER_DIR; };
		AA1FC6151694F07F0037CD21 /* OtherFakeTestLibTests-Info.plist */ = {isa = PBXFileReference; lastKnownFileType = text.plist.xml; path = "OtherFakeTestLibTests-Info.plist"; sourceTree = "<group>"; };
		AA1FC6171694F07F0037CD21 /* en */ = {isa = PBXFileReference; lastKnownFileType = text.plist.strings; name = en; path = en.lproj/InfoPlist.strings; sourceTree = "<group>"; };
		AA1FC6191694F07F0037CD21 /* OtherFakeTestLibTests.h */ = {isa = PBXFileReference; lastKnownFileType = sourcecode.c.h; path = OtherFakeTestLibTests.h; sourceTree = "<group>"; };
		AA1FC61A1694F07F0037CD21 /* OtherFakeTestLibTests.m */ = {isa = PBXFileReference; lastKnownFileType = sourcecode.c.objc; path = OtherFakeTestLibTests.m; sourceTree = "<group>"; };
/* End PBXFileReference section */

/* Begin PBXFrameworksBuildPhase section */
		AA1FC5F61694F07F0037CD21 /* Frameworks */ = {
			isa = PBXFrameworksBuildPhase;
			buildActionMask = 2147483647;
			files = (
				AA1FC5FD1694F07F0037CD21 /* Foundation.framework in Frameworks */,
			);
			runOnlyForDeploymentPostprocessing = 0;
		};
		AA1FC6061694F07F0037CD21 /* Frameworks */ = {
			isa = PBXFrameworksBuildPhase;
			buildActionMask = 2147483647;
			files = (
				AA1FC60C1694F07F0037CD21 /* SenTestingKit.framework in Frameworks */,
				AA1FC60E1694F07F0037CD21 /* UIKit.framework in Frameworks */,
				AA1FC60F1694F07F0037CD21 /* Foundation.framework in Frameworks */,
				AA1FC6121694F07F0037CD21 /* libOtherFakeTestLib.a in Frameworks */,
			);
			runOnlyForDeploymentPostprocessing = 0;
		};
/* End PBXFrameworksBuildPhase section */

/* Begin PBXGroup section */
		AA1FC5EE1694F07F0037CD21 = {
			isa = PBXGroup;
			children = (
				AA1FC5FE1694F07F0037CD21 /* OtherFakeTestLib */,
				AA1FC6131694F07F0037CD21 /* OtherFakeTestLibTests */,
				AA1FC5FB1694F07F0037CD21 /* Frameworks */,
				AA1FC5FA1694F07F0037CD21 /* Products */,
			);
			sourceTree = "<group>";
		};
		AA1FC5FA1694F07F0037CD21 /* Products */ = {
			isa = PBXGroup;
			children = (
				AA1FC5F91694F07F0037CD21 /* libOtherFakeTestLib.a */,
				AA1FC60A1694F07F0037CD21 /* OtherFakeTestLibTests.octest */,
			);
			name = Products;
			sourceTree = "<group>";
		};
		AA1FC5FB1694F07F0037CD21 /* Frameworks */ = {
			isa = PBXGroup;
			children = (
				AA1FC5FC1694F07F0037CD21 /* Foundation.framework */,
				AA1FC60B1694F07F0037CD21 /* SenTestingKit.framework */,
				AA1FC60D1694F07F0037CD21 /* UIKit.framework */,
			);
			name = Frameworks;
			sourceTree = "<group>";
		};
		AA1FC5FE1694F07F0037CD21 /* OtherFakeTestLib */ = {
			isa = PBXGroup;
			children = (
				AA1FC6011694F07F0037CD21 /* OtherFakeTestLib.h */,
				AA1FC6031694F07F0037CD21 /* OtherFakeTestLib.m */,
				AA1FC5FF1694F07F0037CD21 /* Supporting Files */,
			);
			path = OtherFakeTestLib;
			sourceTree = "<group>";
		};
		AA1FC5FF1694F07F0037CD21 /* Supporting Files */ = {
			isa = PBXGroup;
			children = (
				AA1FC6001694F07F0037CD21 /* OtherFakeTestLib-Prefix.pch */,
			);
			name = "Supporting Files";
			sourceTree = "<group>";
		};
		AA1FC6131694F07F0037CD21 /* OtherFakeTestLibTests */ = {
			isa = PBXGroup;
			children = (
				AA1FC6191694F07F0037CD21 /* OtherFakeTestLibTests.h */,
				AA1FC61A1694F07F0037CD21 /* OtherFakeTestLibTests.m */,
				AA1FC6141694F07F0037CD21 /* Supporting Files */,
			);
			path = OtherFakeTestLibTests;
			sourceTree = "<group>";
		};
		AA1FC6141694F07F0037CD21 /* Supporting Files */ = {
			isa = PBXGroup;
			children = (
				AA1FC6151694F07F0037CD21 /* OtherFakeTestLibTests-Info.plist */,
				AA1FC6161694F07F0037CD21 /* InfoPlist.strings */,
			);
			name = "Supporting Files";
			sourceTree = "<group>";
		};
/* End PBXGroup section */

/* Begin PBXNativeTarget section */
		AA1FC5F81694F07F0037CD21 /* OtherFakeTestLib */ = {
			isa = PBXNativeTarget;
			buildConfigurationList = AA1FC61E1694F07F0037CD21 /* Build configuration list for PBXNativeTarget "OtherFakeTestLib" */;
			buildPhases = (
				AA1FC5F51694F07F0037CD21 /* Sources */,
				AA1FC5F61694F07F0037CD21 /* Frameworks */,
				AA1FC5F71694F07F0037CD21 /* CopyFiles */,
			);
			buildRules = (
			);
			dependencies = (
			);
			name = OtherFakeTestLib;
			productName = OtherFakeTestLib;
			productReference = AA1FC5F91694F07F0037CD21 /* libOtherFakeTestLib.a */;
			productType = "com.apple.product-type.library.static";
		};
		AA1FC6091694F07F0037CD21 /* OtherFakeTestLibTests */ = {
			isa = PBXNativeTarget;
			buildConfigurationList = AA1FC6211694F07F0037CD21 /* Build configuration list for PBXNativeTarget "OtherFakeTestLibTests" */;
			buildPhases = (
				AA1FC6051694F07F0037CD21 /* Sources */,
				AA1FC6061694F07F0037CD21 /* Frameworks */,
				AA1FC6071694F07F0037CD21 /* Resources */,
				AA1FC6081694F07F0037CD21 /* ShellScript */,
			);
			buildRules = (
			);
			dependencies = (
				AA1FC6111694F07F0037CD21 /* PBXTargetDependency */,
			);
			name = OtherFakeTestLibTests;
			productName = OtherFakeTestLibTests;
			productReference = AA1FC60A1694F07F0037CD21 /* OtherFakeTestLibTests.octest */;
			productType = "com.apple.product-type.bundle";
		};
/* End PBXNativeTarget section */

/* Begin PBXProject section */
		AA1FC5F01694F07F0037CD21 /* Project object */ = {
			isa = PBXProject;
			attributes = {
				LastUpgradeCheck = 0450;
				ORGANIZATIONNAME = Glympse;
			};
			buildConfigurationList = AA1FC5F31694F07F0037CD21 /* Build configuration list for PBXProject "OtherFakeTestLib" */;
			compatibilityVersion = "Xcode 3.2";
			developmentRegion = English;
			hasScannedForEncodings = 0;
			knownRegions = (
				en,
			);
			mainGroup = AA1FC5EE1694F07F0037CD21;
			productRefGroup = AA1FC5FA1694F07F0037CD21 /* Products */;
			projectDirPath = "";
			projectRoot = "";
			targets = (
				AA1FC5F81694F07F0037CD21 /* OtherFakeTestLib */,
				AA1FC6091694F07F0037CD21 /* OtherFakeTestLibTests */,
			);
		};
/* End PBXProject section */

/* Begin PBXResourcesBuildPhase section */
		AA1FC6071694F07F0037CD21 /* Resources */ = {
			isa = PBXResourcesBuildPhase;
			buildActionMask = 2147483647;
			files = (
				AA1FC6181694F07F0037CD21 /* InfoPlist.strings in Resources */,
			);
			runOnlyForDeploymentPostprocessing = 0;
		};
/* End PBXResourcesBuildPhase section */

/* Begin PBXShellScriptBuildPhase section */
		AA1FC6081694F07F0037CD21 /* ShellScript */ = {
			isa = PBXShellScriptBuildPhase;
			buildActionMask = 2147483647;
			files = (
			);
			inputPaths = (
			);
			outputPaths = (
			);
			runOnlyForDeploymentPostprocessing = 0;
			shellPath = /bin/sh;
			shellScript = "# Run the unit tests in this test bundle.\n\"${SYSTEM_DEVELOPER_DIR}/Tools/RunUnitTests\"\n";
		};
/* End PBXShellScriptBuildPhase section */

/* Begin PBXSourcesBuildPhase section */
		AA1FC5F51694F07F0037CD21 /* Sources */ = {
			isa = PBXSourcesBuildPhase;
			buildActionMask = 2147483647;
			files = (
				AA1FC6041694F07F0037CD21 /* OtherFakeTestLib.m in Sources */,
			);
			runOnlyForDeploymentPostprocessing = 0;
		};
		AA1FC6051694F07F0037CD21 /* Sources */ = {
			isa = PBXSourcesBuildPhase;
			buildActionMask = 2147483647;
			files = (
				AA1FC61B1694F07F0037CD21 /* OtherFakeTestLibTests.m in Sources */,
			);
			runOnlyForDeploymentPostprocessing = 0;
		};
/* End PBXSourcesBuildPhase section */

/* Begin PBXTargetDependency section */
		AA1FC6111694F07F0037CD21 /* PBXTargetDependency */ = {
			isa = PBXTargetDependency;
			target = AA1FC5F81694F07F0037CD21 /* OtherFakeTestLib */;
			targetProxy = AA1FC6101694F07F0037CD21 /* PBXContainerItemProxy */;
		};
/* End PBXTargetDependency section */

/* Begin PBXVariantGroup section */
		AA1FC6161694F07F0037CD21 /* InfoPlist.strings */ = {
			isa = PBXVariantGroup;
			children = (
				AA1FC6171694F07F0037CD21 /* en */,
			);
			name = InfoPlist.strings;
			sourceTree = "<group>";
		};
/* End PBXVariantGroup section */

/* Begin XCBuildConfiguration section */
		AA1FC61C1694F07F0037CD21 /* Debug */ = {
			isa = XCBuildConfiguration;
			buildSettings = {
				ALWAYS_SEARCH_USER_PATHS = NO;
				CLANG_CXX_LANGUAGE_STANDARD = "gnu++0x";
				CLANG_CXX_LIBRARY = "libc++";
				CLANG_WARN_EMPTY_BODY = YES;
				CLANG_WARN__DUPLICATE_METHOD_MATCH = YES;
				COPY_PHASE_STRIP = NO;
				GCC_C_LANGUAGE_STANDARD = gnu99;
				GCC_DYNAMIC_NO_PIC = NO;
				GCC_OPTIMIZATION_LEVEL = 0;
				GCC_PREPROCESSOR_DEFINITIONS = (
					"DEBUG=1",
					"$(inherited)",
				);
				GCC_SYMBOLS_PRIVATE_EXTERN = NO;
				GCC_WARN_ABOUT_RETURN_TYPE = YES;
				GCC_WARN_UNINITIALIZED_AUTOS = YES;
				GCC_WARN_UNUSED_VARIABLE = YES;
				IPHONEOS_DEPLOYMENT_TARGET = 6.0;
				ONLY_ACTIVE_ARCH = YES;
				SDKROOT = iphoneos;
			};
			name = Debug;
		};
		AA1FC61D1694F07F0037CD21 /* Release */ = {
			isa = XCBuildConfiguration;
			buildSettings = {
				ALWAYS_SEARCH_USER_PATHS = NO;
				CLANG_CXX_LANGUAGE_STANDARD = "gnu++0x";
				CLANG_CXX_LIBRARY = "libc++";
				CLANG_WARN_EMPTY_BODY = YES;
				CLANG_WARN__DUPLICATE_METHOD_MATCH = YES;
				COPY_PHASE_STRIP = YES;
				GCC_C_LANGUAGE_STANDARD = gnu99;
				GCC_WARN_ABOUT_RETURN_TYPE = YES;
				GCC_WARN_UNINITIALIZED_AUTOS = YES;
				GCC_WARN_UNUSED_VARIABLE = YES;
				IPHONEOS_DEPLOYMENT_TARGET = 6.0;
				SDKROOT = iphoneos;
				VALIDATE_PRODUCT = YES;
			};
			name = Release;
		};
		AA1FC61F1694F07F0037CD21 /* Debug */ = {
			isa = XCBuildConfiguration;
			buildSettings = {
				DSTROOT = /tmp/OtherFakeTestLib.dst;
				GCC_PRECOMPILE_PREFIX_HEADER = YES;
				GCC_PREFIX_HEADER = "OtherFakeTestLib/OtherFakeTestLib-Prefix.pch";
				OTHER_LDFLAGS = "-ObjC";
				PRODUCT_NAME = "$(TARGET_NAME)";
				SKIP_INSTALL = YES;
			};
			name = Debug;
		};
		AA1FC6201694F07F0037CD21 /* Release */ = {
			isa = XCBuildConfiguration;
			buildSettings = {
				DSTROOT = /tmp/OtherFakeTestLib.dst;
				GCC_PRECOMPILE_PREFIX_HEADER = YES;
				GCC_PREFIX_HEADER = "OtherFakeTestLib/OtherFakeTestLib-Prefix.pch";
				OTHER_LDFLAGS = "-ObjC";
				PRODUCT_NAME = "$(TARGET_NAME)";
				SKIP_INSTALL = YES;
			};
			name = Release;
		};
		AA1FC6221694F07F0037CD21 /* Debug */ = {
			isa = XCBuildConfiguration;
			buildSettings = {
				FRAMEWORK_SEARCH_PATHS = (
					"\"$(SDKROOT)/Developer/Library/Frameworks\"",
					"\"$(DEVELOPER_LIBRARY_DIR)/Frameworks\"",
				);
				GCC_PRECOMPILE_PREFIX_HEADER = YES;
				GCC_PREFIX_HEADER = "OtherFakeTestLib/OtherFakeTestLib-Prefix.pch";
				INFOPLIST_FILE = "OtherFakeTestLibTests/OtherFakeTestLibTests-Info.plist";
				PRODUCT_NAME = "$(TARGET_NAME)";
				WRAPPER_EXTENSION = octest;
			};
			name = Debug;
		};
		AA1FC6231694F07F0037CD21 /* Release */ = {
			isa = XCBuildConfiguration;
			buildSettings = {
				FRAMEWORK_SEARCH_PATHS = (
					"\"$(SDKROOT)/Developer/Library/Frameworks\"",
					"\"$(DEVELOPER_LIBRARY_DIR)/Frameworks\"",
				);
				GCC_PRECOMPILE_PREFIX_HEADER = YES;
				GCC_PREFIX_HEADER = "OtherFakeTestLib/OtherFakeTestLib-Prefix.pch";
				INFOPLIST_FILE = "OtherFakeTestLibTests/OtherFakeTestLibTests-Info.plist";
				PRODUCT_NAME = "$(TARGET_NAME)";
				WRAPPER_EXTENSION = octest;
			};
			name = Release;
		};
/* End XCBuildConfiguration section */

/* Begin XCConfigurationList section */
		AA1FC5F31694F07F0037CD21 /* Build configuration list for PBXProject "OtherFakeTestLib" */ = {
			isa = XCConfigurationList;
			buildConfigurations = (
				AA1FC61C1694F07F0037CD21 /* Debug */,
				AA1FC61D1694F07F0037CD21 /* Release */,
			);
			defaultConfigurationIsVisible = 0;
			defaultConfigurationName = Release;
		};
		AA1FC61E1694F07F0037CD21 /* Build configuration list for PBXNativeTarget "OtherFakeTestLib" */ = {
			isa = XCConfigurationList;
			buildConfigurations = (
				AA1FC61F1694F07F0037CD21 /* Debug */,
				AA1FC6201694F07F0037CD21 /* Release */,
			);
			defaultConfigurationIsVisible = 0;
		};
		AA1FC6211694F07F0037CD21 /* Build configuration list for PBXNativeTarget "OtherFakeTestLibTests" */ = {
			isa = XCConfigurationList;
			buildConfigurations = (
				AA1FC6221694F07F0037CD21 /* Debug */,
				AA1FC6231694F07F0037CD21 /* Release */,
			);
			defaultConfigurationIsVisible = 0;
		};
/* End XCConfigurationList section */
	};
	rootObject = AA1FC5F01694F07F0037CD21 /* Project object */;
}
